
Microsoft Visual Studio Solution File, Format Version 12.00
# Visual Studio Version 17
VisualStudioVersion = 17.11.35327.3
MinimumVisualStudioVersion = 10.0.40219.1
Project("{FAE04EC0-301F-11D3-BF4B-00C04F79EFBC}") = "ExaminantionSystem", "ExaminantionSystem\ExaminantionSystem.csproj", "{6678C406-1C45-4CBA-A183-6B501936A55F}"
EndProject
Project("{FAE04EC0-301F-11D3-BF4B-00C04F79EFBC}") = "Core", "Core\Core.csproj", "{08F74FFA-E58A-413E-980E-F5E040B7ACDB}"
EndProject
Project("{FAE04EC0-301F-11D3-BF4B-00C04F79EFBC}") = "Repository", "Repository\Repository.csproj", "{67E635B8-0B12-411D-B6AA-F8A191F2AA70}"
EndProject
Project("{FAE04EC0-301F-11D3-BF4B-00C04F79EFBC}") = "Services", "Services\Services.csproj", "{ABD2657E-55DA-4C53-B143-F282B8A5FA70}"
EndProject
Project("{FAE04EC0-301F-11D3-BF4B-00C04F79EFBC}") = "DTOs", "DTOs\DTOs.csproj", "{5039AF59-AB7D-4734-846E-B3F4FDA20759}"
EndProject
Global
	GlobalSection(SolutionConfigurationPlatforms) = preSolution
		Debug|Any CPU = Debug|Any CPU
		Release|Any CPU = Release|Any CPU
	EndGlobalSection
	GlobalSection(ProjectConfigurationPlatforms) = postSolution
		{6678C406-1C45-4CBA-A183-6B501936A55F}.Debug|Any CPU.ActiveCfg = Debug|Any CPU
		{6678C406-1C45-4CBA-A183-6B501936A55F}.Debug|Any CPU.Build.0 = Debug|Any CPU
		{6678C406-1C45-4CBA-A183-6B501936A55F}.Release|Any CPU.ActiveCfg = Release|Any CPU
		{6678C406-1C45-4CBA-A183-6B501936A55F}.Release|Any CPU.Build.0 = Release|Any CPU
		{08F74FFA-E58A-413E-980E-F5E040B7ACDB}.Debug|Any CPU.ActiveCfg = Debug|Any CPU
		{08F74FFA-E58A-413E-980E-F5E040B7ACDB}.Debug|Any CPU.Build.0 = Debug|Any CPU
		{08F74FFA-E58A-413E-980E-F5E040B7ACDB}.Release|Any CPU.ActiveCfg = Release|Any CPU
		{08F74FFA-E58A-413E-980E-F5E040B7ACDB}.Release|Any CPU.Build.0 = Release|Any CPU
		{67E635B8-0B12-411D-B6AA-F8A191F2AA70}.Debug|Any CPU.ActiveCfg = Debug|Any CPU
		{67E635B8-0B12-411D-B6AA-F8A191F2AA70}.Debug|Any CPU.Build.0 = Debug|Any CPU
		{67E635B8-0B12-411D-B6AA-F8A191F2AA70}.Release|Any CPU.ActiveCfg = Release|Any CPU
		{67E635B8-0B12-411D-B6AA-F8A191F2AA70}.Release|Any CPU.Build.0 = Release|Any CPU
		{ABD2657E-55DA-4C53-B143-F282B8A5FA70}.Debug|Any CPU.ActiveCfg = Debug|Any CPU
		{ABD2657E-55DA-4C53-B143-F282B8A5FA70}.Debug|Any CPU.Build.0 = Debug|Any CPU
		{ABD2657E-55DA-4C53-B143-F282B8A5FA70}.Release|Any CPU.ActiveCfg = Release|Any CPU
		{ABD2657E-55DA-4C53-B143-F282B8A5FA70}.Release|Any CPU.Build.0 = Release|Any CPU
		{5039AF59-AB7D-4734-846E-B3F4FDA20759}.Debug|Any CPU.ActiveCfg = Debug|Any CPU
		{5039AF59-AB7D-4734-846E-B3F4FDA20759}.Debug|Any CPU.Build.0 = Debug|Any CPU
		{5039AF59-AB7D-4734-846E-B3F4FDA20759}.Release|Any CPU.ActiveCfg = Release|Any CPU
		{5039AF59-AB7D-4734-846E-B3F4FDA20759}.Release|Any CPU.Build.0 = Release|Any CPU
	EndGlobalSection
	GlobalSection(SolutionProperties) = preSolution
		HideSolutionNode = FALSE
	EndGlobalSection
	GlobalSection(ExtensibilityGlobals) = postSolution
		SolutionGuid = {B3DBC9A2-3AAB-48BF-A134-A8AB62DCC824}
	EndGlobalSection
EndGlobal
